{
  "requires": true,
  "lockfileVersion": 1,
  "dependencies": {
    "async-validator": {
      "version": "file:vue-study04/https:/registry.npm.taobao.org/async-validator/download/async-validator-1.11.3.tgz",
      "requires": {
        "babel-runtime": "6.x"
      },
      "dependencies": {
        "babel-runtime": {
          "version": "6.26.0",
          "resolved": "https://registry.npm.taobao.org/babel-runtime/download/babel-runtime-6.26.0.tgz",
          "requires": {
            "core-js": "^2.4.0",
            "regenerator-runtime": "^0.11.0"
          },
          "dependencies": {
            "core-js": {
              "version": "2.6.9",
              "resolved": "https://registry.npm.taobao.org/core-js/download/core-js-2.6.9.tgz"
            },
            "regenerator-runtime": {
              "version": "0.11.1",
              "resolved": "https://registry.npm.taobao.org/regenerator-runtime/download/regenerator-runtime-0.11.1.tgz"
            }
          }
        }
      }
    },
    "babel-runtime": {
      "version": "file:vue-study04/https:/registry.npm.taobao.org/babel-runtime/download/babel-runtime-6.26.0.tgz",
      "requires": {
        "core-js": "^2.4.0",
        "regenerator-runtime": "^0.11.0"
      },
      "dependencies": {
        "core-js": {
          "version": "2.6.9",
          "resolved": "https://registry.npm.taobao.org/core-js/download/core-js-2.6.9.tgz"
        },
        "regenerator-runtime": {
          "version": "0.11.1",
          "resolved": "https://registry.npm.taobao.org/regenerator-runtime/download/regenerator-runtime-0.11.1.tgz"
        }
      }
    },
    "core-js": {
      "version": "file:vue-study04/https:/registry.npm.taobao.org/core-js/download/core-js-2.6.9.tgz"
    },
    "regenerator-runtime": {
      "version": "file:vue-study04/https:/registry.npm.taobao.org/regenerator-runtime/download/regenerator-runtime-0.11.1.tgz"
    }
  }
}
